// !$*UTF8*$!
{
	archiveVersion = 1;
	classes = {
	};
	objectVersion = 50;
	objects = {

/* Begin PBXBuildFile section */
		D43A54F624385B2E00877C62 /* AppDelegate.swift in Sources */ = {isa = PBXBuildFile; fileRef = D43A54F524385B2E00877C62 /* AppDelegate.swift */; };
		D43A54F824385B2E00877C62 /* SceneDelegate.swift in Sources */ = {isa = PBXBuildFile; fileRef = D43A54F724385B2E00877C62 /* SceneDelegate.swift */; };
		D43A54FA24385B2E00877C62 /* ContentView.swift in Sources */ = {isa = PBXBuildFile; fileRef = D43A54F924385B2E00877C62 /* ContentView.swift */; };
		D43A54FC24385B3000877C62 /* Assets.xcassets in Resources */ = {isa = PBXBuildFile; fileRef = D43A54FB24385B3000877C62 /* Assets.xcassets */; };
		D43A54FF24385B3000877C62 /* Preview Assets.xcassets in Resources */ = {isa = PBXBuildFile; fileRef = D43A54FE24385B3000877C62 /* Preview Assets.xcassets */; };
		D43A550224385B3000877C62 /* LaunchScreen.storyboard in Resources */ = {isa = PBXBuildFile; fileRef = D43A550024385B3000877C62 /* LaunchScreen.storyboard */; };
		D43A551324385B8300877C62 /* Color+Extension.swift in Sources */ = {isa = PBXBuildFile; fileRef = D43A550A24385B8300877C62 /* Color+Extension.swift */; };
		D43A551424385B8300877C62 /* LinearGradient+Extension.swift in Sources */ = {isa = PBXBuildFile; fileRef = D43A550B24385B8300877C62 /* LinearGradient+Extension.swift */; };
		D43A551524385B8300877C62 /* NeumorphismButton.swift in Sources */ = {isa = PBXBuildFile; fileRef = D43A550D24385B8300877C62 /* NeumorphismButton.swift */; };
		D43A551624385B8300877C62 /* DarkBackground.swift in Sources */ = {isa = PBXBuildFile; fileRef = D43A550E24385B8300877C62 /* DarkBackground.swift */; };
		D43A551724385B8300877C62 /* NeumorphismButtonStyle.swift in Sources */ = {isa = PBXBuildFile; fileRef = D43A550F24385B8300877C62 /* NeumorphismButtonStyle.swift */; };
		D43A551824385B8300877C62 /* ColorfulBackground.swift in Sources */ = {isa = PBXBuildFile; fileRef = D43A551024385B8300877C62 /* ColorfulBackground.swift */; };
		D43A551924385B8300877C62 /* CalculatorView.swift in Sources */ = {isa = PBXBuildFile; fileRef = D43A551224385B8300877C62 /* CalculatorView.swift */; };
/* End PBXBuildFile section */

/* Begin PBXFileReference section */
		D43A54F224385B2E00877C62 /* NeumorphismSwiftUI.app */ = {isa = PBXFileReference; explicitFileType = wrapper.application; includeInIndex = 0; path = NeumorphismSwiftUI.app; sourceTree = BUILT_PRODUCTS_DIR; };
		D43A54F524385B2E00877C62 /* AppDelegate.swift */ = {isa = PBXFileReference; lastKnownFileType = sourcecode.swift; path = AppDelegate.swift; sourceTree = "<group>"; };
		D43A54F724385B2E00877C62 /* SceneDelegate.swift */ = {isa = PBXFileReference; lastKnownFileType = sourcecode.swift; path = SceneDelegate.swift; sourceTree = "<group>"; };
		D43A54F924385B2E00877C62 /* ContentView.swift */ = {isa = PBXFileReference; lastKnownFileType = sourcecode.swift; path = ContentView.swift; sourceTree = "<group>"; };
		D43A54FB24385B3000877C62 /* Assets.xcassets */ = {isa = PBXFileReference; lastKnownFileType = folder.assetcatalog; path = Assets.xcassets; sourceTree = "<group>"; };
		D43A54FE24385B3000877C62 /* Preview Assets.xcassets */ = {isa = PBXFileReference; lastKnownFileType = folder.assetcatalog; path = "Preview Assets.xcassets"; sourceTree = "<group>"; };
		D43A550124385B3000877C62 /* Base */ = {isa = PBXFileReference; lastKnownFileType = file.storyboard; name = Base; path = Base.lproj/LaunchScreen.storyboard; sourceTree = "<group>"; };
		D43A550324385B3000877C62 /* Info.plist */ = {isa = PBXFileReference; lastKnownFileType = text.plist.xml; path = Info.plist; sourceTree = "<group>"; };
		D43A550A24385B8300877C62 /* Color+Extension.swift */ = {isa = PBXFileReference; fileEncoding = 4; lastKnownFileType = sourcecode.swift; path = "Color+Extension.swift"; sourceTree = "<group>"; };
		D43A550B24385B8300877C62 /* LinearGradient+Extension.swift */ = {isa = PBXFileReference; fileEncoding = 4; lastKnownFileType = sourcecode.swift; path = "LinearGradient+Extension.swift"; sourceTree = "<group>"; };
		D43A550D24385B8300877C62 /* NeumorphismButton.swift */ = {isa = PBXFileReference; fileEncoding = 4; lastKnownFileType = sourcecode.swift; path = NeumorphismButton.swift; sourceTree = "<group>"; };
		D43A550E24385B8300877C62 /* DarkBackground.swift */ = {isa = PBXFileReference; fileEncoding = 4; lastKnownFileType = sourcecode.swift; path = DarkBackground.swift; sourceTree = "<group>"; };
		D43A550F24385B8300877C62 /* NeumorphismButtonStyle.swift */ = {isa = PBXFileReference; fileEncoding = 4; lastKnownFileType = sourcecode.swift; path = NeumorphismButtonStyle.swift; sourceTree = "<group>"; };
		D43A551024385B8300877C62 /* ColorfulBackground.swift */ = {isa = PBXFileReference; fileEncoding = 4; lastKnownFileType = sourcecode.swift; path = ColorfulBackground.swift; sourceTree = "<group>"; };
		D43A551224385B8300877C62 /* CalculatorView.swift */ = {isa = PBXFileReference; fileEncoding = 4; lastKnownFileType = sourcecode.swift; path = CalculatorView.swift; sourceTree = "<group>"; };
/* End PBXFileReference section */

/* Begin PBXFrameworksBuildPhase section */
		D43A54EF24385B2E00877C62 /* Frameworks */ = {
			isa = PBXFrameworksBuildPhase;
			buildActionMask = 2147483647;
			files = (
			);
			runOnlyForDeploymentPostprocessing = 0;
		};
/* End PBXFrameworksBuildPhase section */

/* Begin PBXGroup section */
		D43A54E924385B2E00877C62 = {
			isa = PBXGroup;
			children = (
				D43A54F424385B2E00877C62 /* NeumorphismSwiftUI */,
				D43A54F324385B2E00877C62 /* Products */,
			);
			sourceTree = "<group>";
		};
		D43A54F324385B2E00877C62 /* Products */ = {
			isa = PBXGroup;
			children = (
				D43A54F224385B2E00877C62 /* NeumorphismSwiftUI.app */,
			);
			name = Products;
			sourceTree = "<group>";
		};
		D43A54F424385B2E00877C62 /* NeumorphismSwiftUI */ = {
			isa = PBXGroup;
			children = (
				D43A551124385B8300877C62 /* Calculator */,
				D43A550924385B8300877C62 /* Extension */,
				D43A550C24385B8300877C62 /* Neumorphism */,
				D43A54F524385B2E00877C62 /* AppDelegate.swift */,
				D43A54F724385B2E00877C62 /* SceneDelegate.swift */,
				D43A54F924385B2E00877C62 /* ContentView.swift */,
				D43A54FB24385B3000877C62 /* Assets.xcassets */,
				D43A550024385B3000877C62 /* LaunchScreen.storyboard */,
				D43A550324385B3000877C62 /* Info.plist */,
				D43A54FD24385B3000877C62 /* Preview Content */,
			);
			path = NeumorphismSwiftUI;
			sourceTree = "<group>";
		};
		D43A54FD24385B3000877C62 /* Preview Content */ = {
			isa = PBXGroup;
			children = (
				D43A54FE24385B3000877C62 /* Preview Assets.xcassets */,
			);
			path = "Preview Content";
			sourceTree = "<group>";
		};
		D43A550924385B8300877C62 /* Extension */ = {
			isa = PBXGroup;
			children = (
				D43A550A24385B8300877C62 /* Color+Extension.swift */,
				D43A550B24385B8300877C62 /* LinearGradient+Extension.swift */,
			);
			path = Extension;
			sourceTree = "<group>";
		};
		D43A550C24385B8300877C62 /* Neumorphism */ = {
			isa = PBXGroup;
			children = (
				D43A550D24385B8300877C62 /* NeumorphismButton.swift */,
				D43A550E24385B8300877C62 /* DarkBackground.swift */,
				D43A550F24385B8300877C62 /* NeumorphismButtonStyle.swift */,
				D43A551024385B8300877C62 /* ColorfulBackground.swift */,
			);
			path = Neumorphism;
			sourceTree = "<group>";
		};
		D43A551124385B8300877C62 /* Calculator */ = {
			isa = PBXGroup;
			children = (
				D43A551224385B8300877C62 /* CalculatorView.swift */,
			);
			path = Calculator;
			sourceTree = "<group>";
		};
/* End PBXGroup section */

/* Begin PBXNativeTarget section */
		D43A54F124385B2E00877C62 /* NeumorphismSwiftUI */ = {
			isa = PBXNativeTarget;
			buildConfigurationList = D43A550624385B3000877C62 /* Build configuration list for PBXNativeTarget "NeumorphismSwiftUI" */;
			buildPhases = (
				D43A54EE24385B2E00877C62 /* Sources */,
				D43A54EF24385B2E00877C62 /* Frameworks */,
				D43A54F024385B2E00877C62 /* Resources */,
			);
			buildRules = (
			);
			dependencies = (
			);
			name = NeumorphismSwiftUI;
			productName = NeumorphismSwiftUI;
			productReference = D43A54F224385B2E00877C62 /* NeumorphismSwiftUI.app */;
			productType = "com.apple.product-type.application";
		};
/* End PBXNativeTarget section */

/* Begin PBXProject section */
		D43A54EA24385B2E00877C62 /* Project object */ = {
			isa = PBXProject;
			attributes = {
				LastSwiftUpdateCheck = 1130;
				LastUpgradeCheck = 1130;
				ORGANIZATIONNAME = "Shinji Kurosawa";
				TargetAttributes = {
					D43A54F124385B2E00877C62 = {
						CreatedOnToolsVersion = 11.3;
					};
				};
			};
			buildConfigurationList = D43A54ED24385B2E00877C62 /* Build configuration list for PBXProject "NeumorphismSwiftUI" */;
			compatibilityVersion = "Xcode 9.3";
			developmentRegion = en;
			hasScannedForEncodings = 0;
			knownRegions = (
				en,
				Base,
			);
			mainGroup = D43A54E924385B2E00877C62;
			productRefGroup = D43A54F324385B2E00877C62 /* Products */;
			projectDirPath = "";
			projectRoot = "";
			targets = (
				D43A54F124385B2E00877C62 /* NeumorphismSwiftUI */,
			);
		};
/* End PBXProject section */

/* Begin PBXResourcesBuildPhase section */
		D43A54F024385B2E00877C62 /* Resources */ = {
			isa = PBXResourcesBuildPhase;
			buildActionMask = 2147483647;
			files = (
				D43A550224385B3000877C62 /* LaunchScreen.storyboard in Resources */,
				D43A54FF24385B3000877C62 /* Preview Assets.xcassets in Resources */,
				D43A54FC24385B3000877C62 /* Assets.xcassets in Resources */,
			);
			runOnlyForDeploymentPostprocessing = 0;
		};
/* End PBXResourcesBuildPhase section */

/* Begin PBXSourcesBuildPhase section */
		D43A54EE24385B2E00877C62 /* Sources */ = {
			isa = PBXSourcesBuildPhase;
			buildActionMask = 2147483647;
			files = (
				D43A54F624385B2E00877C62 /* AppDelegate.swift in Sources */,
				D43A551824385B8300877C62 /* ColorfulBackground.swift in Sources */,
				D43A551624385B8300877C62 /* DarkBackground.swift in Sources */,
				D43A54F824385B2E00877C62 /* SceneDelegate.swift in Sources */,
				D43A551724385B8300877C62 /* NeumorphismButtonStyle.swift in Sources */,
				D43A551424385B8300877C62 /* LinearGradient+Extension.swift in Sources */,
				D43A551924385B8300877C62 /* CalculatorView.swift in Sources */,
				D43A551524385B8300877C62 /* NeumorphismButton.swift in Sources */,
				D43A54FA24385B2E00877C62 /* ContentView.swift in Sources */,
				D43A551324385B8300877C62 /* Color+Extension.swift in Sources */,
			);
			runOnlyForDeploymentPostprocessing = 0;
		};
/* End PBXSourcesBuildPhase section */

/* Begin PBXVariantGroup section */
		D43A550024385B3000877C62 /* LaunchScreen.storyboard */ = {
			isa = PBXVariantGroup;
			children = (
				D43A550124385B3000877C62 /* Base */,
			);
			name = LaunchScreen.storyboard;
			sourceTree = "<group>";
		};
/* End PBXVariantGroup section */

/* Begin XCBuildConfiguration section */
		D43A550424385B3000877C62 /* Debug */ = {
			isa = XCBuildConfiguration;
			buildSettings = {
				ALWAYS_SEARCH_USER_PATHS = NO;
				CLANG_ANALYZER_NONNULL = YES;
				CLANG_ANALYZER_NUMBER_OBJECT_CONVERSION = YES_AGGRESSIVE;
				CLANG_CXX_LANGUAGE_STANDARD = "gnu++14";
				CLANG_CXX_LIBRARY = "libc++";
				CLANG_ENABLE_MODULES = YES;
				CLANG_ENABLE_OBJC_ARC = YES;
				CLANG_ENABLE_OBJC_WEAK = YES;
				CLANG_WARN_BLOCK_CAPTURE_AUTORELEASING = YES;
				CLANG_WARN_BOOL_CONVERSION = YES;
				CLANG_WARN_COMMA = YES;
				CLANG_WARN_CONSTANT_CONVERSION = YES;
				CLANG_WARN_DEPRECATED_OBJC_IMPLEMENTATIONS = YES;
				CLANG_WARN_DIRECT_OBJC_ISA_USAGE = YES_ERROR;
				CLANG_WARN_DOCUMENTATION_COMMENTS = YES;
				CLANG_WARN_EMPTY_BODY = YES;
				CLANG_WARN_ENUM_CONVERSION = YES;
				CLANG_WARN_INFINITE_RECURSION = YES;
				CLANG_WARN_INT_CONVERSION = YES;
				CLANG_WARN_NON_LITERAL_NULL_CONVERSION = YES;
				CLANG_WARN_OBJC_IMPLICIT_RETAIN_SELF = YES;
				CLANG_WARN_OBJC_LITERAL_CONVERSION = YES;
				CLANG_WARN_OBJC_ROOT_CLASS = YES_ERROR;
				CLANG_WARN_RANGE_LOOP_ANALYSIS = YES;
				CLANG_WARN_STRICT_PROTOTYPES = YES;
				CLANG_WARN_SUSPICIOUS_MOVE = YES;
				CLANG_WARN_UNGUARDED_AVAILABILITY = YES_AGGRESSIVE;
				CLANG_WARN_UNREACHABLE_CODE = YES;
				CLANG_WARN__DUPLICATE_METHOD_MATCH = YES;
				COPY_PHASE_STRIP = NO;
				DEBUG_INFORMATION_FORMAT = dwarf;
				ENABLE_STRICT_OBJC_MSGSEND = YES;
				ENABLE_TESTABILITY = YES;
				GCC_C_LANGUAGE_STANDARD = gnu11;
				GCC_DYNAMIC_NO_PIC = NO;
				GCC_NO_COMMON_BLOCKS = YES;
				GCC_OPTIMIZATION_LEVEL = 0;
				GCC_PREPROCESSOR_DEFINITIONS = (
					"DEBUG=1",
					"$(inherited)",
				);
				GCC_WARN_64_TO_32_BIT_CONVERSION = YES;
				GCC_WARN_ABOUT_RETURN_TYPE = YES_ERROR;
				GCC_WARN_UNDECLARED_SELECTOR = YES;
				GCC_WARN_UNINITIALIZED_AUTOS = YES_AGGRESSIVE;
				GCC_WARN_UNUSED_FUNCTION = YES;
				GCC_WARN_UNUSED_VARIABLE = YES;
				IPHONEOS_DEPLOYMENT_TARGET = 13.2;
				MTL_ENABLE_DEBUG_INFO = INCLUDE_SOURCE;
				MTL_FAST_MATH = YES;
				ONLY_ACTIVE_ARCH = YES;
				SDKROOT = iphoneos;
				SWIFT_ACTIVE_COMPILATION_CONDITIONS = DEBUG;
				SWIFT_OPTIMIZATION_LEVEL = "-Onone";
			};
			name = Debug;
		};
		D43A550524385B3000877C62 /* Release */ = {
			isa = XCBuildConfiguration;
			buildSettings = {
				ALWAYS_SEARCH_USER_PATHS = NO;
				CLANG_ANALYZER_NONNULL = YES;
				CLANG_ANALYZER_NUMBER_OBJECT_CONVERSION = YES_AGGRESSIVE;
				CLANG_CXX_LANGUAGE_STANDARD = "gnu++14";
				CLANG_CXX_LIBRARY = "libc++";
				CLANG_ENABLE_MODULES = YES;
				CLANG_ENABLE_OBJC_ARC = YES;
				CLANG_ENABLE_OBJC_WEAK = YES;
				CLANG_WARN_BLOCK_CAPTURE_AUTORELEASING = YES;
				CLANG_WARN_BOOL_CONVERSION = YES;
				CLANG_WARN_COMMA = YES;
				CLANG_WARN_CONSTANT_CONVERSION = YES;
				CLANG_WARN_DEPRECATED_OBJC_IMPLEMENTATIONS = YES;
				CLANG_WARN_DIRECT_OBJC_ISA_USAGE = YES_ERROR;
				CLANG_WARN_DOCUMENTATION_COMMENTS = YES;
				CLANG_WARN_EMPTY_BODY = YES;
				CLANG_WARN_ENUM_CONVERSION = YES;
				CLANG_WARN_INFINITE_RECURSION = YES;
				CLANG_WARN_INT_CONVERSION = YES;
				CLANG_WARN_NON_LITERAL_NULL_CONVERSION = YES;
				CLANG_WARN_OBJC_IMPLICIT_RETAIN_SELF = YES;
				CLANG_WARN_OBJC_LITERAL_CONVERSION = YES;
				CLANG_WARN_OBJC_ROOT_CLASS = YES_ERROR;
				CLANG_WARN_RANGE_LOOP_ANALYSIS = YES;
				CLANG_WARN_STRICT_PROTOTYPES = YES;
				CLANG_WARN_SUSPICIOUS_MOVE = YES;
				CLANG_WARN_UNGUARDED_AVAILABILITY = YES_AGGRESSIVE;
				CLANG_WARN_UNREACHABLE_CODE = YES;
				CLANG_WARN__DUPLICATE_METHOD_MATCH = YES;
				COPY_PHASE_STRIP = NO;
				DEBUG_INFORMATION_FORMAT = "dwarf-with-dsym";
				ENABLE_NS_ASSERTIONS = NO;
				ENABLE_STRICT_OBJC_MSGSEND = YES;
				GCC_C_LANGUAGE_STANDARD = gnu11;
				GCC_NO_COMMON_BLOCKS = YES;
				GCC_WARN_64_TO_32_BIT_CONVERSION = YES;
				GCC_WARN_ABOUT_RETURN_TYPE = YES_ERROR;
				GCC_WARN_UNDECLARED_SELECTOR = YES;
				GCC_WARN_UNINITIALIZED_AUTOS = YES_AGGRESSIVE;
				GCC_WARN_UNUSED_FUNCTION = YES;
				GCC_WARN_UNUSED_VARIABLE = YES;
				IPHONEOS_DEPLOYMENT_TARGET = 13.2;
				MTL_ENABLE_DEBUG_INFO = NO;
				MTL_FAST_MATH = YES;
				SDKROOT = iphoneos;
				SWIFT_COMPILATION_MODE = wholemodule;
				SWIFT_OPTIMIZATION_LEVEL = "-O";
				VALIDATE_PRODUCT = YES;
			};
			name = Release;
		};
		D43A550724385B3000877C62 /* Debug */ = {
			isa = XCBuildConfiguration;
			buildSettings = {
				ASSETCATALOG_COMPILER_APPICON_NAME = AppIcon;
				CODE_SIGN_STYLE = Automatic;
				DEVELOPMENT_ASSET_PATHS = "\"NeumorphismSwiftUI/Preview Content\"";
				DEVELOPMENT_TEAM = S7D5HM735C;
				ENABLE_PREVIEWS = YES;
				INFOPLIST_FILE = NeumorphismSwiftUI/Info.plist;
				LD_RUNPATH_SEARCH_PATHS = (
					"$(inherited)",
					"@executable_path/Frameworks",
				);
				PRODUCT_BUNDLE_IDENTIFIER = com.46kuro.NeumorphismSwiftUI;
				PRODUCT_NAME = "$(TARGET_NAME)";
				SWIFT_VERSION = 5.0;
				TARGETED_DEVICE_FAMILY = "1,2";
			};
			name = Debug;
		};
		D43A550824385B3000877C62 /* Release */ = {
			isa = XCBuildConfiguration;
			buildSettings = {
				ASSETCATALOG_COMPILER_APPICON_NAME = AppIcon;
				CODE_SIGN_STYLE = Automatic;
				DEVELOPMENT_ASSET_PATHS = "\"NeumorphismSwiftUI/Preview Content\"";
				DEVELOPMENT_TEAM = S7D5HM735C;
				ENABLE_PREVIEWS = YES;
				INFOPLIST_FILE = NeumorphismSwiftUI/Info.plist;
				LD_RUNPATH_SEARCH_PATHS = (
					"$(inherited)",
					"@executable_path/Frameworks",
				);
				PRODUCT_BUNDLE_IDENTIFIER = com.46kuro.NeumorphismSwiftUI;
				PRODUCT_NAME = "$(TARGET_NAME)";
				SWIFT_VERSION = 5.0;
				TARGETED_DEVICE_FAMILY = "1,2";
			};
			name = Release;
		};
/* End XCBuildConfiguration section */

/* Begin XCConfigurationList section */
		D43A54ED24385B2E00877C62 /* Build configuration list for PBXProject "NeumorphismSwiftUI" */ = {
			isa = XCConfigurationList;
			buildConfigurations = (
				D43A550424385B3000877C62 /* Debug */,
				D43A550524385B3000877C62 /* Release */,
			);
			defaultConfigurationIsVisible = 0;
			defaultConfigurationName = Release;
		};
		D43A550624385B3000877C62 /* Build configuration list for PBXNativeTarget "NeumorphismSwiftUI" */ = {
			isa = XCConfigurationList;
			buildConfigurations = (
				D43A550724385B3000877C62 /* Debug */,
				D43A550824385B3000877C62 /* Release */,
			);
			defaultConfigurationIsVisible = 0;
			defaultConfigurationName = Release;
		};
/* End XCConfigurationList section */
	};
	rootObject = D43A54EA24385B2E00877C62 /* Project object */;
}
